
Microsoft Visual Studio Solution File, Format Version 12.00
# Visual Studio Version 17
VisualStudioVersion = 17.11.35222.181
MinimumVisualStudioVersion = 10.0.40219.1
Project("{FAE04EC0-301F-11D3-BF4B-00C04F79EFBC}") = "AccountTransferApp", "AccountTransferApp.csproj", "{71AE3B9C-20F9-4C6E-A388-75014EBD85CC}"
EndProject
Global
	GlobalSection(SolutionConfigurationPlatforms) = preSolution
		Debug|Any CPU = Debug|Any CPU
		Release|Any CPU = Release|Any CPU
	EndGlobalSection
	GlobalSection(ProjectConfigurationPlatforms) = postSolution
		{71AE3B9C-20F9-4C6E-A388-75014EBD85CC}.Debug|Any CPU.ActiveCfg = Debug|Any CPU
		{71AE3B9C-20F9-4C6E-A388-75014EBD85CC}.Debug|Any CPU.Build.0 = Debug|Any CPU
		{71AE3B9C-20F9-4C6E-A388-75014EBD85CC}.Release|Any CPU.ActiveCfg = Release|Any CPU
		{71AE3B9C-20F9-4C6E-A388-75014EBD85CC}.Release|Any CPU.Build.0 = Release|Any CPU
	EndGlobalSection
	GlobalSection(SolutionProperties) = preSolution
		HideSolutionNode = FALSE
	EndGlobalSection
	GlobalSection(ExtensibilityGlobals) = postSolution
		SolutionGuid = {6C3EBB70-0756-44DB-A780-7DF6C27F000F}
	EndGlobalSection
EndGlobal
